
Microsoft Visual Studio Solution File, Format Version 12.00
# Visual Studio Version 17
VisualStudioVersion = 17.8.34511.84
MinimumVisualStudioVersion = 10.0.40219.1
Project("{9A19103F-16F7-4668-BE54-9A1E7A4F7556}") = "HomeService", "HomeService\HomeService.csproj", "{1ED96BF3-CBE7-4546-AEAF-F2EE6610C7FE}"
EndProject
Project("{2150E333-8FDC-42A3-9474-1A3956D46DE8}") = "SRC", "SRC", "{3CDAE0CE-B16B-491E-9813-F71DD5B80756}"
EndProject
Project("{2150E333-8FDC-42A3-9474-1A3956D46DE8}") = "01Domain", "01Domain", "{10784FFA-4C17-4930-86FA-7A608DDB64B3}"
EndProject
Project("{2150E333-8FDC-42A3-9474-1A3956D46DE8}") = "02InfraStructure", "02InfraStructure", "{E2C442B0-7672-41DA-95A5-1C2DA8FA5575}"
EndProject
Project("{2150E333-8FDC-42A3-9474-1A3956D46DE8}") = "03EndPoint", "03EndPoint", "{13A04026-691B-4074-B7FC-D7731483E51A}"
EndProject
Project("{2150E333-8FDC-42A3-9474-1A3956D46DE8}") = "UI", "UI", "{BB87047C-814F-41E1-AEE2-4ECDA46BDCAB}"
EndProject
Project("{2150E333-8FDC-42A3-9474-1A3956D46DE8}") = "API", "API", "{369AF980-B18E-4B1B-98DA-135C55C0410D}"
EndProject
Project("{2150E333-8FDC-42A3-9474-1A3956D46DE8}") = "Core", "Core", "{BD98227A-A537-45EA-9B2B-D9A1FD483C7D}"
EndProject
Project("{2150E333-8FDC-42A3-9474-1A3956D46DE8}") = "Servises", "Servises", "{D80E7290-5820-493C-8A06-E0C0B849BD83}"
EndProject
Project("{2150E333-8FDC-42A3-9474-1A3956D46DE8}") = "DataAccess", "DataAccess", "{201630F3-8ABB-4486-8429-579C364AC959}"
EndProject
Project("{2150E333-8FDC-42A3-9474-1A3956D46DE8}") = "DBContaxt", "DBContaxt", "{9E617747-5885-4614-B528-2FE576873F7E}"
EndProject
Project("{9A19103F-16F7-4668-BE54-9A1E7A4F7556}") = "Homeservise.Domain.core", "Homeservise.Domain.core\Homeservise.Domain.core.csproj", "{89A56AE2-3DC9-4D6A-A7DD-C42700A64CFE}"
EndProject
Project("{2150E333-8FDC-42A3-9474-1A3956D46DE8}") = "servise", "servise", "{CE49B59F-18A1-4644-955C-17BBB06D167E}"
EndProject
Project("{2150E333-8FDC-42A3-9474-1A3956D46DE8}") = "Appservise", "Appservise", "{C5EEE3C6-9649-4D4E-8D7D-2960BE1693EC}"
EndProject
Project("{9A19103F-16F7-4668-BE54-9A1E7A4F7556}") = "Homeservise.Domain.Servises", "Homeservise.Domain.Servises\Homeservise.Domain.Servises.csproj", "{442BB742-F3B4-4891-9A73-D688871D3C9B}"
EndProject
Project("{9A19103F-16F7-4668-BE54-9A1E7A4F7556}") = "HomeServise.Domain.AppServises", "HomeServise.Domain.AppServises\HomeServise.Domain.AppServises.csproj", "{3C709327-CACF-4617-B56B-427FAF58FF5F}"
EndProject
Project("{2150E333-8FDC-42A3-9474-1A3956D46DE8}") = "HomeService.Infra.DBcontaxt.EF", "HomeService.Infra.DBcontaxt.EF", "{5DCE1725-464C-4AE0-B2EC-9B3320810DAB}"
EndProject
Project("{FAE04EC0-301F-11D3-BF4B-00C04F79EFBC}") = "HomeService.Infra.DBcontaxt.EF.SQL", "HomeService.Infra.DBcontaxt.EF.SQL\HomeService.Infra.DBcontaxt.EF.SQL.csproj", "{9F0D88A2-46D7-441E-B534-D8C284137FE7}"
EndProject
Project("{2150E333-8FDC-42A3-9474-1A3956D46DE8}") = "HomeServise.Infra.DataAccess.Repo.EF", "HomeServise.Infra.DataAccess.Repo.EF", "{E9F4A218-3774-4D0A-8CA8-11CA68C7C61D}"
EndProject
Project("{FAE04EC0-301F-11D3-BF4B-00C04F79EFBC}") = "HomeServise.Infra.DataAccess.Repositorise", "HomeServise.Infra.DataAccess.Repositorise\HomeServise.Infra.DataAccess.Repositorise.csproj", "{536FFDB2-04D2-48BC-A5D6-55D9A32EF4A2}"
EndProject
Global
	GlobalSection(SolutionConfigurationPlatforms) = preSolution
		Debug|Any CPU = Debug|Any CPU
		Release|Any CPU = Release|Any CPU
	EndGlobalSection
	GlobalSection(ProjectConfigurationPlatforms) = postSolution
		{1ED96BF3-CBE7-4546-AEAF-F2EE6610C7FE}.Debug|Any CPU.ActiveCfg = Debug|Any CPU
		{1ED96BF3-CBE7-4546-AEAF-F2EE6610C7FE}.Debug|Any CPU.Build.0 = Debug|Any CPU
		{1ED96BF3-CBE7-4546-AEAF-F2EE6610C7FE}.Release|Any CPU.ActiveCfg = Release|Any CPU
		{1ED96BF3-CBE7-4546-AEAF-F2EE6610C7FE}.Release|Any CPU.Build.0 = Release|Any CPU
		{89A56AE2-3DC9-4D6A-A7DD-C42700A64CFE}.Debug|Any CPU.ActiveCfg = Debug|Any CPU
		{89A56AE2-3DC9-4D6A-A7DD-C42700A64CFE}.Debug|Any CPU.Build.0 = Debug|Any CPU
		{89A56AE2-3DC9-4D6A-A7DD-C42700A64CFE}.Release|Any CPU.ActiveCfg = Release|Any CPU
		{89A56AE2-3DC9-4D6A-A7DD-C42700A64CFE}.Release|Any CPU.Build.0 = Release|Any CPU
		{442BB742-F3B4-4891-9A73-D688871D3C9B}.Debug|Any CPU.ActiveCfg = Debug|Any CPU
		{442BB742-F3B4-4891-9A73-D688871D3C9B}.Debug|Any CPU.Build.0 = Debug|Any CPU
		{442BB742-F3B4-4891-9A73-D688871D3C9B}.Release|Any CPU.ActiveCfg = Release|Any CPU
		{442BB742-F3B4-4891-9A73-D688871D3C9B}.Release|Any CPU.Build.0 = Release|Any CPU
		{3C709327-CACF-4617-B56B-427FAF58FF5F}.Debug|Any CPU.ActiveCfg = Debug|Any CPU
		{3C709327-CACF-4617-B56B-427FAF58FF5F}.Debug|Any CPU.Build.0 = Debug|Any CPU
		{3C709327-CACF-4617-B56B-427FAF58FF5F}.Release|Any CPU.ActiveCfg = Release|Any CPU
		{3C709327-CACF-4617-B56B-427FAF58FF5F}.Release|Any CPU.Build.0 = Release|Any CPU
		{9F0D88A2-46D7-441E-B534-D8C284137FE7}.Debug|Any CPU.ActiveCfg = Debug|Any CPU
		{9F0D88A2-46D7-441E-B534-D8C284137FE7}.Debug|Any CPU.Build.0 = Debug|Any CPU
		{9F0D88A2-46D7-441E-B534-D8C284137FE7}.Release|Any CPU.ActiveCfg = Release|Any CPU
		{9F0D88A2-46D7-441E-B534-D8C284137FE7}.Release|Any CPU.Build.0 = Release|Any CPU
		{536FFDB2-04D2-48BC-A5D6-55D9A32EF4A2}.Debug|Any CPU.ActiveCfg = Debug|Any CPU
		{536FFDB2-04D2-48BC-A5D6-55D9A32EF4A2}.Debug|Any CPU.Build.0 = Debug|Any CPU
		{536FFDB2-04D2-48BC-A5D6-55D9A32EF4A2}.Release|Any CPU.ActiveCfg = Release|Any CPU
		{536FFDB2-04D2-48BC-A5D6-55D9A32EF4A2}.Release|Any CPU.Build.0 = Release|Any CPU
	EndGlobalSection
	GlobalSection(SolutionProperties) = preSolution
		HideSolutionNode = FALSE
	EndGlobalSection
	GlobalSection(NestedProjects) = preSolution
		{1ED96BF3-CBE7-4546-AEAF-F2EE6610C7FE} = {369AF980-B18E-4B1B-98DA-135C55C0410D}
		{10784FFA-4C17-4930-86FA-7A608DDB64B3} = {3CDAE0CE-B16B-491E-9813-F71DD5B80756}
		{E2C442B0-7672-41DA-95A5-1C2DA8FA5575} = {3CDAE0CE-B16B-491E-9813-F71DD5B80756}
		{13A04026-691B-4074-B7FC-D7731483E51A} = {3CDAE0CE-B16B-491E-9813-F71DD5B80756}
		{BB87047C-814F-41E1-AEE2-4ECDA46BDCAB} = {13A04026-691B-4074-B7FC-D7731483E51A}
		{369AF980-B18E-4B1B-98DA-135C55C0410D} = {BB87047C-814F-41E1-AEE2-4ECDA46BDCAB}
		{BD98227A-A537-45EA-9B2B-D9A1FD483C7D} = {10784FFA-4C17-4930-86FA-7A608DDB64B3}
		{D80E7290-5820-493C-8A06-E0C0B849BD83} = {10784FFA-4C17-4930-86FA-7A608DDB64B3}
		{201630F3-8ABB-4486-8429-579C364AC959} = {E2C442B0-7672-41DA-95A5-1C2DA8FA5575}
		{9E617747-5885-4614-B528-2FE576873F7E} = {E2C442B0-7672-41DA-95A5-1C2DA8FA5575}
		{89A56AE2-3DC9-4D6A-A7DD-C42700A64CFE} = {BD98227A-A537-45EA-9B2B-D9A1FD483C7D}
		{CE49B59F-18A1-4644-955C-17BBB06D167E} = {D80E7290-5820-493C-8A06-E0C0B849BD83}
		{C5EEE3C6-9649-4D4E-8D7D-2960BE1693EC} = {D80E7290-5820-493C-8A06-E0C0B849BD83}
		{442BB742-F3B4-4891-9A73-D688871D3C9B} = {CE49B59F-18A1-4644-955C-17BBB06D167E}
		{3C709327-CACF-4617-B56B-427FAF58FF5F} = {C5EEE3C6-9649-4D4E-8D7D-2960BE1693EC}
		{5DCE1725-464C-4AE0-B2EC-9B3320810DAB} = {9E617747-5885-4614-B528-2FE576873F7E}
		{9F0D88A2-46D7-441E-B534-D8C284137FE7} = {5DCE1725-464C-4AE0-B2EC-9B3320810DAB}
		{E9F4A218-3774-4D0A-8CA8-11CA68C7C61D} = {201630F3-8ABB-4486-8429-579C364AC959}
		{536FFDB2-04D2-48BC-A5D6-55D9A32EF4A2} = {E9F4A218-3774-4D0A-8CA8-11CA68C7C61D}
	EndGlobalSection
	GlobalSection(ExtensibilityGlobals) = postSolution
		SolutionGuid = {D0D89F44-AC02-45F8-B95E-406F6125193D}
	EndGlobalSection
EndGlobal
